# This file is automatically @generated by Cargo.
# It is not intended for manual editing.
version = 4

[[package]]
name = "mem_pool_rust"
version = "0.1.0"

[[package]]
name = "microros_transport_rust"
version = "0.1.0"
dependencies = [
 "net_udp_rust",
]

[[package]]
name = "net_udp_rust"
version = "0.1.0"

[[package]]
name = "vita_modules_rust"
version = "0.1.0"
dependencies = [
 "mem_pool_rust",
 "microros_transport_rust",
 "net_udp_rust",
]
